// !$*UTF8*$!
{
	archiveVersion = 1;
	classes = {
	};
	objectVersion = 50;
	objects = {

/* Begin PBXBuildFile section */
		6946467A2128CE4700024890 /* SwipeTableViewController.swift in Sources */ = {isa = PBXBuildFile; fileRef = 694646792128CE4700024890 /* SwipeTableViewController.swift */; };
		6976058021225B3F00C91BB6 /* AppDelegate.swift in Sources */ = {isa = PBXBuildFile; fileRef = 6976057F21225B3F00C91BB6 /* AppDelegate.swift */; };
		6976058521225B3F00C91BB6 /* Main.storyboard in Resources */ = {isa = PBXBuildFile; fileRef = 6976058321225B3F00C91BB6 /* Main.storyboard */; };
		6976058721225B4100C91BB6 /* Assets.xcassets in Resources */ = {isa = PBXBuildFile; fileRef = 6976058621225B4100C91BB6 /* Assets.xcassets */; };
		6976058A21225B4100C91BB6 /* LaunchScreen.storyboard in Resources */ = {isa = PBXBuildFile; fileRef = 6976058821225B4100C91BB6 /* LaunchScreen.storyboard */; };
		6976059221225B6300C91BB6 /* Item.swift in Sources */ = {isa = PBXBuildFile; fileRef = 6976059121225B6300C91BB6 /* Item.swift */; };
		6976059421225DB900C91BB6 /* Trip.swift in Sources */ = {isa = PBXBuildFile; fileRef = 6976059321225DB900C91BB6 /* Trip.swift */; };
		6976059721263C0E00C91BB6 /* TripViewController.swift in Sources */ = {isa = PBXBuildFile; fileRef = 6976059621263C0E00C91BB6 /* TripViewController.swift */; };
		6976059D21263F3900C91BB6 /* TripCell.swift in Sources */ = {isa = PBXBuildFile; fileRef = 6976059B21263F3900C91BB6 /* TripCell.swift */; };
		6976059E21263F3900C91BB6 /* TripCell.xib in Resources */ = {isa = PBXBuildFile; fileRef = 6976059C21263F3900C91BB6 /* TripCell.xib */; };
		818F2B9BA59685F38649DFBF /* Pods_Grocery_Buddy.framework in Frameworks */ = {isa = PBXBuildFile; fileRef = D2CB340AE15D54DCA1594981 /* Pods_Grocery_Buddy.framework */; };
/* End PBXBuildFile section */

/* Begin PBXFileReference section */
		09A17002DAAC4D3396B70596 /* Pods-Grocery Buddy.release.xcconfig */ = {isa = PBXFileReference; includeInIndex = 1; lastKnownFileType = text.xcconfig; name = "Pods-Grocery Buddy.release.xcconfig"; path = "Pods/Target Support Files/Pods-Grocery Buddy/Pods-Grocery Buddy.release.xcconfig"; sourceTree = "<group>"; };
		694646792128CE4700024890 /* SwipeTableViewController.swift */ = {isa = PBXFileReference; lastKnownFileType = sourcecode.swift; path = SwipeTableViewController.swift; sourceTree = "<group>"; };
		6976057C21225B3F00C91BB6 /* Grocery Buddy.app */ = {isa = PBXFileReference; explicitFileType = wrapper.application; includeInIndex = 0; path = "Grocery Buddy.app"; sourceTree = BUILT_PRODUCTS_DIR; };
		6976057F21225B3F00C91BB6 /* AppDelegate.swift */ = {isa = PBXFileReference; lastKnownFileType = sourcecode.swift; path = AppDelegate.swift; sourceTree = "<group>"; };
		6976058421225B3F00C91BB6 /* Base */ = {isa = PBXFileReference; lastKnownFileType = file.storyboard; name = Base; path = Base.lproj/Main.storyboard; sourceTree = "<group>"; };
		6976058621225B4100C91BB6 /* Assets.xcassets */ = {isa = PBXFileReference; lastKnownFileType = folder.assetcatalog; path = Assets.xcassets; sourceTree = "<group>"; };
		6976058921225B4100C91BB6 /* Base */ = {isa = PBXFileReference; lastKnownFileType = file.storyboard; name = Base; path = Base.lproj/LaunchScreen.storyboard; sourceTree = "<group>"; };
		6976058B21225B4100C91BB6 /* Info.plist */ = {isa = PBXFileReference; lastKnownFileType = text.plist.xml; path = Info.plist; sourceTree = "<group>"; };
		6976059121225B6300C91BB6 /* Item.swift */ = {isa = PBXFileReference; lastKnownFileType = sourcecode.swift; path = Item.swift; sourceTree = "<group>"; };
		6976059321225DB900C91BB6 /* Trip.swift */ = {isa = PBXFileReference; lastKnownFileType = sourcecode.swift; path = Trip.swift; sourceTree = "<group>"; };
		6976059621263C0E00C91BB6 /* TripViewController.swift */ = {isa = PBXFileReference; lastKnownFileType = sourcecode.swift; path = TripViewController.swift; sourceTree = "<group>"; };
		6976059B21263F3900C91BB6 /* TripCell.swift */ = {isa = PBXFileReference; lastKnownFileType = sourcecode.swift; path = TripCell.swift; sourceTree = "<group>"; };
		6976059C21263F3900C91BB6 /* TripCell.xib */ = {isa = PBXFileReference; lastKnownFileType = file.xib; path = TripCell.xib; sourceTree = "<group>"; };
		D2CB340AE15D54DCA1594981 /* Pods_Grocery_Buddy.framework */ = {isa = PBXFileReference; explicitFileType = wrapper.framework; includeInIndex = 0; path = Pods_Grocery_Buddy.framework; sourceTree = BUILT_PRODUCTS_DIR; };
		EECD054B2F0508FA47B7206E /* Pods-Grocery Buddy.debug.xcconfig */ = {isa = PBXFileReference; includeInIndex = 1; lastKnownFileType = text.xcconfig; name = "Pods-Grocery Buddy.debug.xcconfig"; path = "Pods/Target Support Files/Pods-Grocery Buddy/Pods-Grocery Buddy.debug.xcconfig"; sourceTree = "<group>"; };
/* End PBXFileReference section */

/* Begin PBXFrameworksBuildPhase section */
		6976057921225B3F00C91BB6 /* Frameworks */ = {
			isa = PBXFrameworksBuildPhase;
			buildActionMask = 2147483647;
			files = (
				818F2B9BA59685F38649DFBF /* Pods_Grocery_Buddy.framework in Frameworks */,
			);
			runOnlyForDeploymentPostprocessing = 0;
		};
/* End PBXFrameworksBuildPhase section */

/* Begin PBXGroup section */
		6976057321225B3F00C91BB6 = {
			isa = PBXGroup;
			children = (
				6976057E21225B3F00C91BB6 /* Grocery Buddy */,
				6976057D21225B3F00C91BB6 /* Products */,
				BBC3C4CD14D66C45B222300F /* Pods */,
				8355D6746320A9B5FA20DDDE /* Frameworks */,
			);
			sourceTree = "<group>";
		};
		6976057D21225B3F00C91BB6 /* Products */ = {
			isa = PBXGroup;
			children = (
				6976057C21225B3F00C91BB6 /* Grocery Buddy.app */,
			);
			name = Products;
			sourceTree = "<group>";
		};
		6976057E21225B3F00C91BB6 /* Grocery Buddy */ = {
			isa = PBXGroup;
			children = (
				6976059921263DB900C91BB6 /* Controller */,
				6976059821263D8800C91BB6 /* View */,
				697605952122655300C91BB6 /* Model */,
				6976057F21225B3F00C91BB6 /* AppDelegate.swift */,
				6976058621225B4100C91BB6 /* Assets.xcassets */,
				6976058B21225B4100C91BB6 /* Info.plist */,
			);
			path = "Grocery Buddy";
			sourceTree = "<group>";
		};
		697605952122655300C91BB6 /* Model */ = {
			isa = PBXGroup;
			children = (
				6976059321225DB900C91BB6 /* Trip.swift */,
				6976059121225B6300C91BB6 /* Item.swift */,
			);
			path = Model;
			sourceTree = "<group>";
		};
		6976059821263D8800C91BB6 /* View */ = {
			isa = PBXGroup;
			children = (
				6976059A21263E2800C91BB6 /* Trip Cell */,
				6976058821225B4100C91BB6 /* LaunchScreen.storyboard */,
				6976058321225B3F00C91BB6 /* Main.storyboard */,
			);
			path = View;
			sourceTree = "<group>";
		};
		6976059921263DB900C91BB6 /* Controller */ = {
			isa = PBXGroup;
			children = (
				6976059621263C0E00C91BB6 /* TripViewController.swift */,
				694646792128CE4700024890 /* SwipeTableViewController.swift */,
			);
			path = Controller;
			sourceTree = "<group>";
		};
		6976059A21263E2800C91BB6 /* Trip Cell */ = {
			isa = PBXGroup;
			children = (
				6976059B21263F3900C91BB6 /* TripCell.swift */,
				6976059C21263F3900C91BB6 /* TripCell.xib */,
			);
			path = "Trip Cell";
			sourceTree = "<group>";
		};
		8355D6746320A9B5FA20DDDE /* Frameworks */ = {
			isa = PBXGroup;
			children = (
				D2CB340AE15D54DCA1594981 /* Pods_Grocery_Buddy.framework */,
			);
			name = Frameworks;
			sourceTree = "<group>";
		};
		BBC3C4CD14D66C45B222300F /* Pods */ = {
			isa = PBXGroup;
			children = (
				EECD054B2F0508FA47B7206E /* Pods-Grocery Buddy.debug.xcconfig */,
				09A17002DAAC4D3396B70596 /* Pods-Grocery Buddy.release.xcconfig */,
			);
			name = Pods;
			sourceTree = "<group>";
		};
/* End PBXGroup section */

/* Begin PBXNativeTarget section */
		6976057B21225B3F00C91BB6 /* Grocery Buddy */ = {
			isa = PBXNativeTarget;
			buildConfigurationList = 6976058E21225B4100C91BB6 /* Build configuration list for PBXNativeTarget "Grocery Buddy" */;
			buildPhases = (
				2729F2CCEAEF2902326F50C1 /* [CP] Check Pods Manifest.lock */,
				6976057821225B3F00C91BB6 /* Sources */,
				6976057921225B3F00C91BB6 /* Frameworks */,
				6976057A21225B3F00C91BB6 /* Resources */,
				29BBC12A92A59E2887BADB8B /* [CP] Embed Pods Frameworks */,
			);
			buildRules = (
			);
			dependencies = (
			);
			name = "Grocery Buddy";
			productName = "Grocery Buddy";
			productReference = 6976057C21225B3F00C91BB6 /* Grocery Buddy.app */;
			productType = "com.apple.product-type.application";
		};
/* End PBXNativeTarget section */

/* Begin PBXProject section */
		6976057421225B3F00C91BB6 /* Project object */ = {
			isa = PBXProject;
			attributes = {
				LastSwiftUpdateCheck = 0940;
				LastUpgradeCheck = 0940;
				ORGANIZATIONNAME = "Ron Lipkin";
				TargetAttributes = {
					6976057B21225B3F00C91BB6 = {
						CreatedOnToolsVersion = 9.4.1;
					};
				};
			};
			buildConfigurationList = 6976057721225B3F00C91BB6 /* Build configuration list for PBXProject "Grocery Buddy" */;
			compatibilityVersion = "Xcode 9.3";
			developmentRegion = en;
			hasScannedForEncodings = 0;
			knownRegions = (
				en,
				Base,
			);
			mainGroup = 6976057321225B3F00C91BB6;
			productRefGroup = 6976057D21225B3F00C91BB6 /* Products */;
			projectDirPath = "";
			projectRoot = "";
			targets = (
				6976057B21225B3F00C91BB6 /* Grocery Buddy */,
			);
		};
/* End PBXProject section */

/* Begin PBXResourcesBuildPhase section */
		6976057A21225B3F00C91BB6 /* Resources */ = {
			isa = PBXResourcesBuildPhase;
			buildActionMask = 2147483647;
			files = (
				6976059E21263F3900C91BB6 /* TripCell.xib in Resources */,
				6976058A21225B4100C91BB6 /* LaunchScreen.storyboard in Resources */,
				6976058721225B4100C91BB6 /* Assets.xcassets in Resources */,
				6976058521225B3F00C91BB6 /* Main.storyboard in Resources */,
			);
			runOnlyForDeploymentPostprocessing = 0;
		};
/* End PBXResourcesBuildPhase section */

/* Begin PBXShellScriptBuildPhase section */
		2729F2CCEAEF2902326F50C1 /* [CP] Check Pods Manifest.lock */ = {
			isa = PBXShellScriptBuildPhase;
			buildActionMask = 2147483647;
			files = (
			);
			inputPaths = (
				"${PODS_PODFILE_DIR_PATH}/Podfile.lock",
				"${PODS_ROOT}/Manifest.lock",
			);
			name = "[CP] Check Pods Manifest.lock";
			outputPaths = (
				"$(DERIVED_FILE_DIR)/Pods-Grocery Buddy-checkManifestLockResult.txt",
			);
			runOnlyForDeploymentPostprocessing = 0;
			shellPath = /bin/sh;
			shellScript = "diff \"${PODS_PODFILE_DIR_PATH}/Podfile.lock\" \"${PODS_ROOT}/Manifest.lock\" > /dev/null\nif [ $? != 0 ] ; then\n    # print error to STDERR\n    echo \"error: The sandbox is not in sync with the Podfile.lock. Run 'pod install' or update your CocoaPods installation.\" >&2\n    exit 1\nfi\n# This output is used by Xcode 'outputs' to avoid re-running this script phase.\necho \"SUCCESS\" > \"${SCRIPT_OUTPUT_FILE_0}\"\n";
			showEnvVarsInLog = 0;
		};
		29BBC12A92A59E2887BADB8B /* [CP] Embed Pods Frameworks */ = {
			isa = PBXShellScriptBuildPhase;
			buildActionMask = 2147483647;
			files = (
			);
			inputPaths = (
				"${SRCROOT}/Pods/Target Support Files/Pods-Grocery Buddy/Pods-Grocery Buddy-frameworks.sh",
				"${BUILT_PRODUCTS_DIR}/ChameleonFramework/ChameleonFramework.framework",
				"${BUILT_PRODUCTS_DIR}/Realm/Realm.framework",
				"${BUILT_PRODUCTS_DIR}/RealmSwift/RealmSwift.framework",
				"${BUILT_PRODUCTS_DIR}/SwipeCellKit/SwipeCellKit.framework",
			);
			name = "[CP] Embed Pods Frameworks";
			outputPaths = (
				"${TARGET_BUILD_DIR}/${FRAMEWORKS_FOLDER_PATH}/ChameleonFramework.framework",
				"${TARGET_BUILD_DIR}/${FRAMEWORKS_FOLDER_PATH}/Realm.framework",
				"${TARGET_BUILD_DIR}/${FRAMEWORKS_FOLDER_PATH}/RealmSwift.framework",
				"${TARGET_BUILD_DIR}/${FRAMEWORKS_FOLDER_PATH}/SwipeCellKit.framework",
			);
			runOnlyForDeploymentPostprocessing = 0;
			shellPath = /bin/sh;
			shellScript = "\"${SRCROOT}/Pods/Target Support Files/Pods-Grocery Buddy/Pods-Grocery Buddy-frameworks.sh\"\n";
			showEnvVarsInLog = 0;
		};
/* End PBXShellScriptBuildPhase section */

/* Begin PBXSourcesBuildPhase section */
		6976057821225B3F00C91BB6 /* Sources */ = {
			isa = PBXSourcesBuildPhase;
			buildActionMask = 2147483647;
			files = (
				6976059421225DB900C91BB6 /* Trip.swift in Sources */,
				6976059721263C0E00C91BB6 /* TripViewController.swift in Sources */,
				6976059221225B6300C91BB6 /* Item.swift in Sources */,
				6976058021225B3F00C91BB6 /* AppDelegate.swift in Sources */,
				6946467A2128CE4700024890 /* SwipeTableViewController.swift in Sources */,
				6976059D21263F3900C91BB6 /* TripCell.swift in Sources */,
			);
			runOnlyForDeploymentPostprocessing = 0;
		};
/* End PBXSourcesBuildPhase section */

/* Begin PBXVariantGroup section */
		6976058321225B3F00C91BB6 /* Main.storyboard */ = {
			isa = PBXVariantGroup;
			children = (
				6976058421225B3F00C91BB6 /* Base */,
			);
			name = Main.storyboard;
			sourceTree = "<group>";
		};
		6976058821225B4100C91BB6 /* LaunchScreen.storyboard */ = {
			isa = PBXVariantGroup;
			children = (
				6976058921225B4100C91BB6 /* Base */,
			);
			name = LaunchScreen.storyboard;
			sourceTree = "<group>";
		};
/* End PBXVariantGroup section */

/* Begin XCBuildConfiguration section */
		6976058C21225B4100C91BB6 /* Debug */ = {
			isa = XCBuildConfiguration;
			buildSettings = {
				ALWAYS_SEARCH_USER_PATHS = NO;
				CLANG_ANALYZER_NONNULL = YES;
				CLANG_ANALYZER_NUMBER_OBJECT_CONVERSION = YES_AGGRESSIVE;
				CLANG_CXX_LANGUAGE_STANDARD = "gnu++14";
				CLANG_CXX_LIBRARY = "libc++";
				CLANG_ENABLE_MODULES = YES;
				CLANG_ENABLE_OBJC_ARC = YES;
				CLANG_ENABLE_OBJC_WEAK = YES;
				CLANG_WARN_BLOCK_CAPTURE_AUTORELEASING = YES;
				CLANG_WARN_BOOL_CONVERSION = YES;
				CLANG_WARN_COMMA = YES;
				CLANG_WARN_CONSTANT_CONVERSION = YES;
				CLANG_WARN_DEPRECATED_OBJC_IMPLEMENTATIONS = YES;
				CLANG_WARN_DIRECT_OBJC_ISA_USAGE = YES_ERROR;
				CLANG_WARN_DOCUMENTATION_COMMENTS = YES;
				CLANG_WARN_EMPTY_BODY = YES;
				CLANG_WARN_ENUM_CONVERSION = YES;
				CLANG_WARN_INFINITE_RECURSION = YES;
				CLANG_WARN_INT_CONVERSION = YES;
				CLANG_WARN_NON_LITERAL_NULL_CONVERSION = YES;
				CLANG_WARN_OBJC_IMPLICIT_RETAIN_SELF = YES;
				CLANG_WARN_OBJC_LITERAL_CONVERSION = YES;
				CLANG_WARN_OBJC_ROOT_CLASS = YES_ERROR;
				CLANG_WARN_RANGE_LOOP_ANALYSIS = YES;
				CLANG_WARN_STRICT_PROTOTYPES = YES;
				CLANG_WARN_SUSPICIOUS_MOVE = YES;
				CLANG_WARN_UNGUARDED_AVAILABILITY = YES_AGGRESSIVE;
				CLANG_WARN_UNREACHABLE_CODE = YES;
				CLANG_WARN__DUPLICATE_METHOD_MATCH = YES;
				CODE_SIGN_IDENTITY = "iPhone Developer";
				COPY_PHASE_STRIP = NO;
				DEBUG_INFORMATION_FORMAT = dwarf;
				ENABLE_STRICT_OBJC_MSGSEND = YES;
				ENABLE_TESTABILITY = YES;
				GCC_C_LANGUAGE_STANDARD = gnu11;
				GCC_DYNAMIC_NO_PIC = NO;
				GCC_NO_COMMON_BLOCKS = YES;
				GCC_OPTIMIZATION_LEVEL = 0;
				GCC_PREPROCESSOR_DEFINITIONS = (
					"DEBUG=1",
					"$(inherited)",
				);
				GCC_WARN_64_TO_32_BIT_CONVERSION = YES;
				GCC_WARN_ABOUT_RETURN_TYPE = YES_ERROR;
				GCC_WARN_UNDECLARED_SELECTOR = YES;
				GCC_WARN_UNINITIALIZED_AUTOS = YES_AGGRESSIVE;
				GCC_WARN_UNUSED_FUNCTION = YES;
				GCC_WARN_UNUSED_VARIABLE = YES;
				IPHONEOS_DEPLOYMENT_TARGET = 11.4;
				MTL_ENABLE_DEBUG_INFO = YES;
				ONLY_ACTIVE_ARCH = YES;
				SDKROOT = iphoneos;
				SWIFT_ACTIVE_COMPILATION_CONDITIONS = DEBUG;
				SWIFT_OPTIMIZATION_LEVEL = "-Onone";
			};
			name = Debug;
		};
		6976058D21225B4100C91BB6 /* Release */ = {
			isa = XCBuildConfiguration;
			buildSettings = {
				ALWAYS_SEARCH_USER_PATHS = NO;
				CLANG_ANALYZER_NONNULL = YES;
				CLANG_ANALYZER_NUMBER_OBJECT_CONVERSION = YES_AGGRESSIVE;
				CLANG_CXX_LANGUAGE_STANDARD = "gnu++14";
				CLANG_CXX_LIBRARY = "libc++";
				CLANG_ENABLE_MODULES = YES;
				CLANG_ENABLE_OBJC_ARC = YES;
				CLANG_ENABLE_OBJC_WEAK = YES;
				CLANG_WARN_BLOCK_CAPTURE_AUTORELEASING = YES;
				CLANG_WARN_BOOL_CONVERSION = YES;
				CLANG_WARN_COMMA = YES;
				CLANG_WARN_CONSTANT_CONVERSION = YES;
				CLANG_WARN_DEPRECATED_OBJC_IMPLEMENTATIONS = YES;
				CLANG_WARN_DIRECT_OBJC_ISA_USAGE = YES_ERROR;
				CLANG_WARN_DOCUMENTATION_COMMENTS = YES;
				CLANG_WARN_EMPTY_BODY = YES;
				CLANG_WARN_ENUM_CONVERSION = YES;
				CLANG_WARN_INFINITE_RECURSION = YES;
				CLANG_WARN_INT_CONVERSION = YES;
				CLANG_WARN_NON_LITERAL_NULL_CONVERSION = YES;
				CLANG_WARN_OBJC_IMPLICIT_RETAIN_SELF = YES;
				CLANG_WARN_OBJC_LITERAL_CONVERSION = YES;
				CLANG_WARN_OBJC_ROOT_CLASS = YES_ERROR;
				CLANG_WARN_RANGE_LOOP_ANALYSIS = YES;
				CLANG_WARN_STRICT_PROTOTYPES = YES;
				CLANG_WARN_SUSPICIOUS_MOVE = YES;
				CLANG_WARN_UNGUARDED_AVAILABILITY = YES_AGGRESSIVE;
				CLANG_WARN_UNREACHABLE_CODE = YES;
				CLANG_WARN__DUPLICATE_METHOD_MATCH = YES;
				CODE_SIGN_IDENTITY = "iPhone Developer";
				COPY_PHASE_STRIP = NO;
				DEBUG_INFORMATION_FORMAT = "dwarf-with-dsym";
				ENABLE_NS_ASSERTIONS = NO;
				ENABLE_STRICT_OBJC_MSGSEND = YES;
				GCC_C_LANGUAGE_STANDARD = gnu11;
				GCC_NO_COMMON_BLOCKS = YES;
				GCC_WARN_64_TO_32_BIT_CONVERSION = YES;
				GCC_WARN_ABOUT_RETURN_TYPE = YES_ERROR;
				GCC_WARN_UNDECLARED_SELECTOR = YES;
				GCC_WARN_UNINITIALIZED_AUTOS = YES_AGGRESSIVE;
				GCC_WARN_UNUSED_FUNCTION = YES;
				GCC_WARN_UNUSED_VARIABLE = YES;
				IPHONEOS_DEPLOYMENT_TARGET = 11.4;
				MTL_ENABLE_DEBUG_INFO = NO;
				SDKROOT = iphoneos;
				SWIFT_COMPILATION_MODE = wholemodule;
				SWIFT_OPTIMIZATION_LEVEL = "-O";
				VALIDATE_PRODUCT = YES;
			};
			name = Release;
		};
		6976058F21225B4100C91BB6 /* Debug */ = {
			isa = XCBuildConfiguration;
			baseConfigurationReference = EECD054B2F0508FA47B7206E /* Pods-Grocery Buddy.debug.xcconfig */;
			buildSettings = {
				ASSETCATALOG_COMPILER_APPICON_NAME = AppIcon;
				CODE_SIGN_STYLE = Automatic;
				DEVELOPMENT_TEAM = MGX2XCNU48;
				INFOPLIST_FILE = "Grocery Buddy/Info.plist";
				IPHONEOS_DEPLOYMENT_TARGET = 11.0;
				LD_RUNPATH_SEARCH_PATHS = (
					"$(inherited)",
					"@executable_path/Frameworks",
				);
				PRODUCT_BUNDLE_IDENTIFIER = "com.RonLipkin.Grocery-Buddy";
				PRODUCT_NAME = "$(TARGET_NAME)";
				SWIFT_VERSION = 4.0;
				TARGETED_DEVICE_FAMILY = "1,2";
			};
			name = Debug;
		};
		6976059021225B4100C91BB6 /* Release */ = {
			isa = XCBuildConfiguration;
			baseConfigurationReference = 09A17002DAAC4D3396B70596 /* Pods-Grocery Buddy.release.xcconfig */;
			buildSettings = {
				ASSETCATALOG_COMPILER_APPICON_NAME = AppIcon;
				CODE_SIGN_STYLE = Automatic;
				DEVELOPMENT_TEAM = MGX2XCNU48;
				INFOPLIST_FILE = "Grocery Buddy/Info.plist";
				IPHONEOS_DEPLOYMENT_TARGET = 11.0;
				LD_RUNPATH_SEARCH_PATHS = (
					"$(inherited)",
					"@executable_path/Frameworks",
				);
				PRODUCT_BUNDLE_IDENTIFIER = "com.RonLipkin.Grocery-Buddy";
				PRODUCT_NAME = "$(TARGET_NAME)";
				SWIFT_VERSION = 4.0;
				TARGETED_DEVICE_FAMILY = "1,2";
			};
			name = Release;
		};
/* End XCBuildConfiguration section */

/* Begin XCConfigurationList section */
		6976057721225B3F00C91BB6 /* Build configuration list for PBXProject "Grocery Buddy" */ = {
			isa = XCConfigurationList;
			buildConfigurations = (
				6976058C21225B4100C91BB6 /* Debug */,
				6976058D21225B4100C91BB6 /* Release */,
			);
			defaultConfigurationIsVisible = 0;
			defaultConfigurationName = Release;
		};
		6976058E21225B4100C91BB6 /* Build configuration list for PBXNativeTarget "Grocery Buddy" */ = {
			isa = XCConfigurationList;
			buildConfigurations = (
				6976058F21225B4100C91BB6 /* Debug */,
				6976059021225B4100C91BB6 /* Release */,
			);
			defaultConfigurationIsVisible = 0;
			defaultConfigurationName = Release;
		};
/* End XCConfigurationList section */
	};
	rootObject = 6976057421225B3F00C91BB6 /* Project object */;
}
